
Microsoft Visual Studio Solution File, Format Version 12.00
# Visual Studio Version 17
VisualStudioVersion = 17.8.34525.116
MinimumVisualStudioVersion = 10.0.40219.1
Project("{FAE04EC0-301F-11D3-BF4B-00C04F79EFBC}") = "Canteen", "Canteen\Canteen.csproj", "{44E405DA-330C-4578-8FB0-084551AE2257}"
EndProject
Project("{FAE04EC0-301F-11D3-BF4B-00C04F79EFBC}") = "CanteenClassLibrary", "CanteenClassLibrary\CanteenClassLibrary.csproj", "{EDF68E05-D917-427F-AD6F-EC70D7757F7D}"
EndProject
Global
	GlobalSection(SolutionConfigurationPlatforms) = preSolution
		Debug|Any CPU = Debug|Any CPU
		Release|Any CPU = Release|Any CPU
	EndGlobalSection
	GlobalSection(ProjectConfigurationPlatforms) = postSolution
		{44E405DA-330C-4578-8FB0-084551AE2257}.Debug|Any CPU.ActiveCfg = Debug|Any CPU
		{44E405DA-330C-4578-8FB0-084551AE2257}.Debug|Any CPU.Build.0 = Debug|Any CPU
		{44E405DA-330C-4578-8FB0-084551AE2257}.Release|Any CPU.ActiveCfg = Release|Any CPU
		{44E405DA-330C-4578-8FB0-084551AE2257}.Release|Any CPU.Build.0 = Release|Any CPU
		{EDF68E05-D917-427F-AD6F-EC70D7757F7D}.Debug|Any CPU.ActiveCfg = Debug|Any CPU
		{EDF68E05-D917-427F-AD6F-EC70D7757F7D}.Debug|Any CPU.Build.0 = Debug|Any CPU
		{EDF68E05-D917-427F-AD6F-EC70D7757F7D}.Release|Any CPU.ActiveCfg = Release|Any CPU
		{EDF68E05-D917-427F-AD6F-EC70D7757F7D}.Release|Any CPU.Build.0 = Release|Any CPU
	EndGlobalSection
	GlobalSection(SolutionProperties) = preSolution
		HideSolutionNode = FALSE
	EndGlobalSection
	GlobalSection(ExtensibilityGlobals) = postSolution
		SolutionGuid = {1DF66245-212B-47A0-8F17-B845D5896890}
	EndGlobalSection
EndGlobal
